
Microsoft Visual Studio Solution File, Format Version 12.00
# Visual Studio 14
VisualStudioVersion = 14.0.24720.0
MinimumVisualStudioVersion = 10.0.40219.1
Project("{FAE04EC0-301F-11D3-BF4B-00C04F79EFBC}") = "jcMSA.Auth.WebAPI", "jcMSA.Auth.WebAPI\jcMSA.Auth.WebAPI.csproj", "{9CE17125-DD2B-4828-B24B-745859FB1DF9}"
EndProject
Project("{FAE04EC0-301F-11D3-BF4B-00C04F79EFBC}") = "jcMSA.Auth.PCL", "jcMSA.Auth.PCL\jcMSA.Auth.PCL.csproj", "{CA2AF002-2A55-4AF2-804A-09BF6EEBBB3E}"
EndProject
Project("{FAE04EC0-301F-11D3-BF4B-00C04F79EFBC}") = "jcMSA.Common.PCL", "jcMSA.Common.PCL\jcMSA.Common.PCL.csproj", "{C2BD1B62-E924-4187-A4F3-2089AE74E5AE}"
EndProject
Project("{FAE04EC0-301F-11D3-BF4B-00C04F79EFBC}") = "jcMSA.Auth.DataLayer", "jcMSA.Auth.DataLayer\jcMSA.Auth.DataLayer.csproj", "{F1D12926-314C-4514-B8D2-58D905A48572}"
EndProject
Project("{FAE04EC0-301F-11D3-BF4B-00C04F79EFBC}") = "jcMSA.Common.WebAPI", "jcMSA.Common.WebAPI\jcMSA.Common.WebAPI.csproj", "{2FCBAC01-CEA0-45A6-B800-84BC3359AFF9}"
EndProject
Project("{FAE04EC0-301F-11D3-BF4B-00C04F79EFBC}") = "jcMSA.Auth.BusinessLogic", "jcMSA.Auth.BusinessLogic\jcMSA.Auth.BusinessLogic.csproj", "{94A226B5-9592-4E9D-B202-E7DEDDA1EE0D}"
EndProject
Project("{FAE04EC0-301F-11D3-BF4B-00C04F79EFBC}") = "jcMSA.Test.UWP", "jcMSA.Test.UWP\jcMSA.Test.UWP.csproj", "{B762A07C-0122-45C4-BDFD-8B0BA7C42DDC}"
EndProject
Project("{FAE04EC0-301F-11D3-BF4B-00C04F79EFBC}") = "jcMSA.Posts.WebAPI", "jcMSA.Posts.WebAPI\jcMSA.Posts.WebAPI.csproj", "{39B9EC07-011A-4C13-BF64-6FA698B32D45}"
EndProject
Project("{FAE04EC0-301F-11D3-BF4B-00C04F79EFBC}") = "jcMSA.Posts.DataLayer", "jcMSA.Posts.DataLayer\jcMSA.Posts.DataLayer.csproj", "{A088FF84-3DBE-493E-BDA2-68066616EC40}"
EndProject
Project("{FAE04EC0-301F-11D3-BF4B-00C04F79EFBC}") = "jcMSA.Posts.BusinessLogic", "jcMSA.Posts.BusinessLogic\jcMSA.Posts.BusinessLogic.csproj", "{5D5E19C7-3B5B-4966-A5FC-EB3F42F32131}"
EndProject
Project("{FAE04EC0-301F-11D3-BF4B-00C04F79EFBC}") = "jcMSA.Posts.PCL", "jcMSA.Posts.PCL\jcMSA.Posts.PCL.csproj", "{7DFAD8B2-3168-4118-BF51-7AFF4CC4656C}"
EndProject
Project("{FAE04EC0-301F-11D3-BF4B-00C04F79EFBC}") = "jcMSA.Client.MVC", "jcMSA.Client.MVC\jcMSA.Client.MVC.csproj", "{63239C04-BA8E-4A10-84C9-A77B4F58E541}"
EndProject
Project("{FAE04EC0-301F-11D3-BF4B-00C04F79EFBC}") = "jcMSA.BaseContent.WebAPI", "jcMSA.BaseContent.WebAPI\jcMSA.BaseContent.WebAPI.csproj", "{BE4AA77C-F770-4617-B1DC-999B656D0007}"
EndProject
Project("{FAE04EC0-301F-11D3-BF4B-00C04F79EFBC}") = "jcMSA.BaseContent.PCL", "jcMSA.BaseContent.PCL\jcMSA.BaseContent.PCL.csproj", "{0219ED71-D85D-439F-BF14-35432FA37614}"
EndProject
Project("{FAE04EC0-301F-11D3-BF4B-00C04F79EFBC}") = "jcMSA.BaseContent.DataLayer", "jcMSA.BaseContent.DataLayer\jcMSA.BaseContent.DataLayer.csproj", "{D4D15915-9A97-4012-AB9A-3A130CAA7CC8}"
EndProject
Project("{FAE04EC0-301F-11D3-BF4B-00C04F79EFBC}") = "jcMSA.BaseContent.BusinessLogic", "jcMSA.BaseContent.BusinessLogic\jcMSA.BaseContent.BusinessLogic.csproj", "{53954B92-45E2-4C1B-A125-055428673F37}"
EndProject
Global
	GlobalSection(SolutionConfigurationPlatforms) = preSolution
		Debug|Any CPU = Debug|Any CPU
		Debug|ARM = Debug|ARM
		Debug|x64 = Debug|x64
		Debug|x86 = Debug|x86
		Release|Any CPU = Release|Any CPU
		Release|ARM = Release|ARM
		Release|x64 = Release|x64
		Release|x86 = Release|x86
	EndGlobalSection
	GlobalSection(ProjectConfigurationPlatforms) = postSolution
		{9CE17125-DD2B-4828-B24B-745859FB1DF9}.Debug|Any CPU.ActiveCfg = Debug|Any CPU
		{9CE17125-DD2B-4828-B24B-745859FB1DF9}.Debug|Any CPU.Build.0 = Debug|Any CPU
		{9CE17125-DD2B-4828-B24B-745859FB1DF9}.Debug|ARM.ActiveCfg = Debug|Any CPU
		{9CE17125-DD2B-4828-B24B-745859FB1DF9}.Debug|ARM.Build.0 = Debug|Any CPU
		{9CE17125-DD2B-4828-B24B-745859FB1DF9}.Debug|x64.ActiveCfg = Debug|Any CPU
		{9CE17125-DD2B-4828-B24B-745859FB1DF9}.Debug|x64.Build.0 = Debug|Any CPU
		{9CE17125-DD2B-4828-B24B-745859FB1DF9}.Debug|x86.ActiveCfg = Debug|Any CPU
		{9CE17125-DD2B-4828-B24B-745859FB1DF9}.Debug|x86.Build.0 = Debug|Any CPU
		{9CE17125-DD2B-4828-B24B-745859FB1DF9}.Release|Any CPU.ActiveCfg = Release|Any CPU
		{9CE17125-DD2B-4828-B24B-745859FB1DF9}.Release|Any CPU.Build.0 = Release|Any CPU
		{9CE17125-DD2B-4828-B24B-745859FB1DF9}.Release|ARM.ActiveCfg = Release|Any CPU
		{9CE17125-DD2B-4828-B24B-745859FB1DF9}.Release|ARM.Build.0 = Release|Any CPU
		{9CE17125-DD2B-4828-B24B-745859FB1DF9}.Release|x64.ActiveCfg = Release|Any CPU
		{9CE17125-DD2B-4828-B24B-745859FB1DF9}.Release|x64.Build.0 = Release|Any CPU
		{9CE17125-DD2B-4828-B24B-745859FB1DF9}.Release|x86.ActiveCfg = Release|Any CPU
		{9CE17125-DD2B-4828-B24B-745859FB1DF9}.Release|x86.Build.0 = Release|Any CPU
		{CA2AF002-2A55-4AF2-804A-09BF6EEBBB3E}.Debug|Any CPU.ActiveCfg = Debug|Any CPU
		{CA2AF002-2A55-4AF2-804A-09BF6EEBBB3E}.Debug|Any CPU.Build.0 = Debug|Any CPU
		{CA2AF002-2A55-4AF2-804A-09BF6EEBBB3E}.Debug|ARM.ActiveCfg = Debug|Any CPU
		{CA2AF002-2A55-4AF2-804A-09BF6EEBBB3E}.Debug|ARM.Build.0 = Debug|Any CPU
		{CA2AF002-2A55-4AF2-804A-09BF6EEBBB3E}.Debug|x64.ActiveCfg = Debug|Any CPU
		{CA2AF002-2A55-4AF2-804A-09BF6EEBBB3E}.Debug|x64.Build.0 = Debug|Any CPU
		{CA2AF002-2A55-4AF2-804A-09BF6EEBBB3E}.Debug|x86.ActiveCfg = Debug|Any CPU
		{CA2AF002-2A55-4AF2-804A-09BF6EEBBB3E}.Debug|x86.Build.0 = Debug|Any CPU
		{CA2AF002-2A55-4AF2-804A-09BF6EEBBB3E}.Release|Any CPU.ActiveCfg = Release|Any CPU
		{CA2AF002-2A55-4AF2-804A-09BF6EEBBB3E}.Release|Any CPU.Build.0 = Release|Any CPU
		{CA2AF002-2A55-4AF2-804A-09BF6EEBBB3E}.Release|ARM.ActiveCfg = Release|Any CPU
		{CA2AF002-2A55-4AF2-804A-09BF6EEBBB3E}.Release|ARM.Build.0 = Release|Any CPU
		{CA2AF002-2A55-4AF2-804A-09BF6EEBBB3E}.Release|x64.ActiveCfg = Release|Any CPU
		{CA2AF002-2A55-4AF2-804A-09BF6EEBBB3E}.Release|x64.Build.0 = Release|Any CPU
		{CA2AF002-2A55-4AF2-804A-09BF6EEBBB3E}.Release|x86.ActiveCfg = Release|Any CPU
		{CA2AF002-2A55-4AF2-804A-09BF6EEBBB3E}.Release|x86.Build.0 = Release|Any CPU
		{C2BD1B62-E924-4187-A4F3-2089AE74E5AE}.Debug|Any CPU.ActiveCfg = Debug|Any CPU
		{C2BD1B62-E924-4187-A4F3-2089AE74E5AE}.Debug|Any CPU.Build.0 = Debug|Any CPU
		{C2BD1B62-E924-4187-A4F3-2089AE74E5AE}.Debug|ARM.ActiveCfg = Debug|Any CPU
		{C2BD1B62-E924-4187-A4F3-2089AE74E5AE}.Debug|ARM.Build.0 = Debug|Any CPU
		{C2BD1B62-E924-4187-A4F3-2089AE74E5AE}.Debug|x64.ActiveCfg = Debug|Any CPU
		{C2BD1B62-E924-4187-A4F3-2089AE74E5AE}.Debug|x64.Build.0 = Debug|Any CPU
		{C2BD1B62-E924-4187-A4F3-2089AE74E5AE}.Debug|x86.ActiveCfg = Debug|Any CPU
		{C2BD1B62-E924-4187-A4F3-2089AE74E5AE}.Debug|x86.Build.0 = Debug|Any CPU
		{C2BD1B62-E924-4187-A4F3-2089AE74E5AE}.Release|Any CPU.ActiveCfg = Release|Any CPU
		{C2BD1B62-E924-4187-A4F3-2089AE74E5AE}.Release|Any CPU.Build.0 = Release|Any CPU
		{C2BD1B62-E924-4187-A4F3-2089AE74E5AE}.Release|ARM.ActiveCfg = Release|Any CPU
		{C2BD1B62-E924-4187-A4F3-2089AE74E5AE}.Release|ARM.Build.0 = Release|Any CPU
		{C2BD1B62-E924-4187-A4F3-2089AE74E5AE}.Release|x64.ActiveCfg = Release|Any CPU
		{C2BD1B62-E924-4187-A4F3-2089AE74E5AE}.Release|x64.Build.0 = Release|Any CPU
		{C2BD1B62-E924-4187-A4F3-2089AE74E5AE}.Release|x86.ActiveCfg = Release|Any CPU
		{C2BD1B62-E924-4187-A4F3-2089AE74E5AE}.Release|x86.Build.0 = Release|Any CPU
		{F1D12926-314C-4514-B8D2-58D905A48572}.Debug|Any CPU.ActiveCfg = Debug|Any CPU
		{F1D12926-314C-4514-B8D2-58D905A48572}.Debug|Any CPU.Build.0 = Debug|Any CPU
		{F1D12926-314C-4514-B8D2-58D905A48572}.Debug|ARM.ActiveCfg = Debug|Any CPU
		{F1D12926-314C-4514-B8D2-58D905A48572}.Debug|ARM.Build.0 = Debug|Any CPU
		{F1D12926-314C-4514-B8D2-58D905A48572}.Debug|x64.ActiveCfg = Debug|Any CPU
		{F1D12926-314C-4514-B8D2-58D905A48572}.Debug|x64.Build.0 = Debug|Any CPU
		{F1D12926-314C-4514-B8D2-58D905A48572}.Debug|x86.ActiveCfg = Debug|Any CPU
		{F1D12926-314C-4514-B8D2-58D905A48572}.Debug|x86.Build.0 = Debug|Any CPU
		{F1D12926-314C-4514-B8D2-58D905A48572}.Release|Any CPU.ActiveCfg = Release|Any CPU
		{F1D12926-314C-4514-B8D2-58D905A48572}.Release|Any CPU.Build.0 = Release|Any CPU
		{F1D12926-314C-4514-B8D2-58D905A48572}.Release|ARM.ActiveCfg = Release|Any CPU
		{F1D12926-314C-4514-B8D2-58D905A48572}.Release|ARM.Build.0 = Release|Any CPU
		{F1D12926-314C-4514-B8D2-58D905A48572}.Release|x64.ActiveCfg = Release|Any CPU
		{F1D12926-314C-4514-B8D2-58D905A48572}.Release|x64.Build.0 = Release|Any CPU
		{F1D12926-314C-4514-B8D2-58D905A48572}.Release|x86.ActiveCfg = Release|Any CPU
		{F1D12926-314C-4514-B8D2-58D905A48572}.Release|x86.Build.0 = Release|Any CPU
		{2FCBAC01-CEA0-45A6-B800-84BC3359AFF9}.Debug|Any CPU.ActiveCfg = Debug|Any CPU
		{2FCBAC01-CEA0-45A6-B800-84BC3359AFF9}.Debug|Any CPU.Build.0 = Debug|Any CPU
		{2FCBAC01-CEA0-45A6-B800-84BC3359AFF9}.Debug|ARM.ActiveCfg = Debug|Any CPU
		{2FCBAC01-CEA0-45A6-B800-84BC3359AFF9}.Debug|ARM.Build.0 = Debug|Any CPU
		{2FCBAC01-CEA0-45A6-B800-84BC3359AFF9}.Debug|x64.ActiveCfg = Debug|Any CPU
		{2FCBAC01-CEA0-45A6-B800-84BC3359AFF9}.Debug|x64.Build.0 = Debug|Any CPU
		{2FCBAC01-CEA0-45A6-B800-84BC3359AFF9}.Debug|x86.ActiveCfg = Debug|Any CPU
		{2FCBAC01-CEA0-45A6-B800-84BC3359AFF9}.Debug|x86.Build.0 = Debug|Any CPU
		{2FCBAC01-CEA0-45A6-B800-84BC3359AFF9}.Release|Any CPU.ActiveCfg = Release|Any CPU
		{2FCBAC01-CEA0-45A6-B800-84BC3359AFF9}.Release|Any CPU.Build.0 = Release|Any CPU
		{2FCBAC01-CEA0-45A6-B800-84BC3359AFF9}.Release|ARM.ActiveCfg = Release|Any CPU
		{2FCBAC01-CEA0-45A6-B800-84BC3359AFF9}.Release|ARM.Build.0 = Release|Any CPU
		{2FCBAC01-CEA0-45A6-B800-84BC3359AFF9}.Release|x64.ActiveCfg = Release|Any CPU
		{2FCBAC01-CEA0-45A6-B800-84BC3359AFF9}.Release|x64.Build.0 = Release|Any CPU
		{2FCBAC01-CEA0-45A6-B800-84BC3359AFF9}.Release|x86.ActiveCfg = Release|Any CPU
		{2FCBAC01-CEA0-45A6-B800-84BC3359AFF9}.Release|x86.Build.0 = Release|Any CPU
		{94A226B5-9592-4E9D-B202-E7DEDDA1EE0D}.Debug|Any CPU.ActiveCfg = Debug|Any CPU
		{94A226B5-9592-4E9D-B202-E7DEDDA1EE0D}.Debug|Any CPU.Build.0 = Debug|Any CPU
		{94A226B5-9592-4E9D-B202-E7DEDDA1EE0D}.Debug|ARM.ActiveCfg = Debug|Any CPU
		{94A226B5-9592-4E9D-B202-E7DEDDA1EE0D}.Debug|ARM.Build.0 = Debug|Any CPU
		{94A226B5-9592-4E9D-B202-E7DEDDA1EE0D}.Debug|x64.ActiveCfg = Debug|Any CPU
		{94A226B5-9592-4E9D-B202-E7DEDDA1EE0D}.Debug|x64.Build.0 = Debug|Any CPU
		{94A226B5-9592-4E9D-B202-E7DEDDA1EE0D}.Debug|x86.ActiveCfg = Debug|Any CPU
		{94A226B5-9592-4E9D-B202-E7DEDDA1EE0D}.Debug|x86.Build.0 = Debug|Any CPU
		{94A226B5-9592-4E9D-B202-E7DEDDA1EE0D}.Release|Any CPU.ActiveCfg = Release|Any CPU
		{94A226B5-9592-4E9D-B202-E7DEDDA1EE0D}.Release|Any CPU.Build.0 = Release|Any CPU
		{94A226B5-9592-4E9D-B202-E7DEDDA1EE0D}.Release|ARM.ActiveCfg = Release|Any CPU
		{94A226B5-9592-4E9D-B202-E7DEDDA1EE0D}.Release|ARM.Build.0 = Release|Any CPU
		{94A226B5-9592-4E9D-B202-E7DEDDA1EE0D}.Release|x64.ActiveCfg = Release|Any CPU
		{94A226B5-9592-4E9D-B202-E7DEDDA1EE0D}.Release|x64.Build.0 = Release|Any CPU
		{94A226B5-9592-4E9D-B202-E7DEDDA1EE0D}.Release|x86.ActiveCfg = Release|Any CPU
		{94A226B5-9592-4E9D-B202-E7DEDDA1EE0D}.Release|x86.Build.0 = Release|Any CPU
		{B762A07C-0122-45C4-BDFD-8B0BA7C42DDC}.Debug|Any CPU.ActiveCfg = Debug|x86
		{B762A07C-0122-45C4-BDFD-8B0BA7C42DDC}.Debug|ARM.ActiveCfg = Debug|ARM
		{B762A07C-0122-45C4-BDFD-8B0BA7C42DDC}.Debug|ARM.Build.0 = Debug|ARM
		{B762A07C-0122-45C4-BDFD-8B0BA7C42DDC}.Debug|ARM.Deploy.0 = Debug|ARM
		{B762A07C-0122-45C4-BDFD-8B0BA7C42DDC}.Debug|x64.ActiveCfg = Debug|x64
		{B762A07C-0122-45C4-BDFD-8B0BA7C42DDC}.Debug|x64.Build.0 = Debug|x64
		{B762A07C-0122-45C4-BDFD-8B0BA7C42DDC}.Debug|x64.Deploy.0 = Debug|x64
		{B762A07C-0122-45C4-BDFD-8B0BA7C42DDC}.Debug|x86.ActiveCfg = Debug|x86
		{B762A07C-0122-45C4-BDFD-8B0BA7C42DDC}.Debug|x86.Build.0 = Debug|x86
		{B762A07C-0122-45C4-BDFD-8B0BA7C42DDC}.Debug|x86.Deploy.0 = Debug|x86
		{B762A07C-0122-45C4-BDFD-8B0BA7C42DDC}.Release|Any CPU.ActiveCfg = Release|x86
		{B762A07C-0122-45C4-BDFD-8B0BA7C42DDC}.Release|ARM.ActiveCfg = Release|ARM
		{B762A07C-0122-45C4-BDFD-8B0BA7C42DDC}.Release|ARM.Build.0 = Release|ARM
		{B762A07C-0122-45C4-BDFD-8B0BA7C42DDC}.Release|ARM.Deploy.0 = Release|ARM
		{B762A07C-0122-45C4-BDFD-8B0BA7C42DDC}.Release|x64.ActiveCfg = Release|x64
		{B762A07C-0122-45C4-BDFD-8B0BA7C42DDC}.Release|x64.Build.0 = Release|x64
		{B762A07C-0122-45C4-BDFD-8B0BA7C42DDC}.Release|x64.Deploy.0 = Release|x64
		{B762A07C-0122-45C4-BDFD-8B0BA7C42DDC}.Release|x86.ActiveCfg = Release|x86
		{B762A07C-0122-45C4-BDFD-8B0BA7C42DDC}.Release|x86.Build.0 = Release|x86
		{B762A07C-0122-45C4-BDFD-8B0BA7C42DDC}.Release|x86.Deploy.0 = Release|x86
		{39B9EC07-011A-4C13-BF64-6FA698B32D45}.Debug|Any CPU.ActiveCfg = Debug|Any CPU
		{39B9EC07-011A-4C13-BF64-6FA698B32D45}.Debug|Any CPU.Build.0 = Debug|Any CPU
		{39B9EC07-011A-4C13-BF64-6FA698B32D45}.Debug|ARM.ActiveCfg = Debug|Any CPU
		{39B9EC07-011A-4C13-BF64-6FA698B32D45}.Debug|ARM.Build.0 = Debug|Any CPU
		{39B9EC07-011A-4C13-BF64-6FA698B32D45}.Debug|x64.ActiveCfg = Debug|Any CPU
		{39B9EC07-011A-4C13-BF64-6FA698B32D45}.Debug|x64.Build.0 = Debug|Any CPU
		{39B9EC07-011A-4C13-BF64-6FA698B32D45}.Debug|x86.ActiveCfg = Debug|Any CPU
		{39B9EC07-011A-4C13-BF64-6FA698B32D45}.Debug|x86.Build.0 = Debug|Any CPU
		{39B9EC07-011A-4C13-BF64-6FA698B32D45}.Release|Any CPU.ActiveCfg = Release|Any CPU
		{39B9EC07-011A-4C13-BF64-6FA698B32D45}.Release|Any CPU.Build.0 = Release|Any CPU
		{39B9EC07-011A-4C13-BF64-6FA698B32D45}.Release|ARM.ActiveCfg = Release|Any CPU
		{39B9EC07-011A-4C13-BF64-6FA698B32D45}.Release|ARM.Build.0 = Release|Any CPU
		{39B9EC07-011A-4C13-BF64-6FA698B32D45}.Release|x64.ActiveCfg = Release|Any CPU
		{39B9EC07-011A-4C13-BF64-6FA698B32D45}.Release|x64.Build.0 = Release|Any CPU
		{39B9EC07-011A-4C13-BF64-6FA698B32D45}.Release|x86.ActiveCfg = Release|Any CPU
		{39B9EC07-011A-4C13-BF64-6FA698B32D45}.Release|x86.Build.0 = Release|Any CPU
		{A088FF84-3DBE-493E-BDA2-68066616EC40}.Debug|Any CPU.ActiveCfg = Debug|Any CPU
		{A088FF84-3DBE-493E-BDA2-68066616EC40}.Debug|Any CPU.Build.0 = Debug|Any CPU
		{A088FF84-3DBE-493E-BDA2-68066616EC40}.Debug|ARM.ActiveCfg = Debug|Any CPU
		{A088FF84-3DBE-493E-BDA2-68066616EC40}.Debug|ARM.Build.0 = Debug|Any CPU
		{A088FF84-3DBE-493E-BDA2-68066616EC40}.Debug|x64.ActiveCfg = Debug|Any CPU
		{A088FF84-3DBE-493E-BDA2-68066616EC40}.Debug|x64.Build.0 = Debug|Any CPU
		{A088FF84-3DBE-493E-BDA2-68066616EC40}.Debug|x86.ActiveCfg = Debug|Any CPU
		{A088FF84-3DBE-493E-BDA2-68066616EC40}.Debug|x86.Build.0 = Debug|Any CPU
		{A088FF84-3DBE-493E-BDA2-68066616EC40}.Release|Any CPU.ActiveCfg = Release|Any CPU
		{A088FF84-3DBE-493E-BDA2-68066616EC40}.Release|Any CPU.Build.0 = Release|Any CPU
		{A088FF84-3DBE-493E-BDA2-68066616EC40}.Release|ARM.ActiveCfg = Release|Any CPU
		{A088FF84-3DBE-493E-BDA2-68066616EC40}.Release|ARM.Build.0 = Release|Any CPU
		{A088FF84-3DBE-493E-BDA2-68066616EC40}.Release|x64.ActiveCfg = Release|Any CPU
		{A088FF84-3DBE-493E-BDA2-68066616EC40}.Release|x64.Build.0 = Release|Any CPU
		{A088FF84-3DBE-493E-BDA2-68066616EC40}.Release|x86.ActiveCfg = Release|Any CPU
		{A088FF84-3DBE-493E-BDA2-68066616EC40}.Release|x86.Build.0 = Release|Any CPU
		{5D5E19C7-3B5B-4966-A5FC-EB3F42F32131}.Debug|Any CPU.ActiveCfg = Debug|Any CPU
		{5D5E19C7-3B5B-4966-A5FC-EB3F42F32131}.Debug|Any CPU.Build.0 = Debug|Any CPU
		{5D5E19C7-3B5B-4966-A5FC-EB3F42F32131}.Debug|ARM.ActiveCfg = Debug|Any CPU
		{5D5E19C7-3B5B-4966-A5FC-EB3F42F32131}.Debug|ARM.Build.0 = Debug|Any CPU
		{5D5E19C7-3B5B-4966-A5FC-EB3F42F32131}.Debug|x64.ActiveCfg = Debug|Any CPU
		{5D5E19C7-3B5B-4966-A5FC-EB3F42F32131}.Debug|x64.Build.0 = Debug|Any CPU
		{5D5E19C7-3B5B-4966-A5FC-EB3F42F32131}.Debug|x86.ActiveCfg = Debug|Any CPU
		{5D5E19C7-3B5B-4966-A5FC-EB3F42F32131}.Debug|x86.Build.0 = Debug|Any CPU
		{5D5E19C7-3B5B-4966-A5FC-EB3F42F32131}.Release|Any CPU.ActiveCfg = Release|Any CPU
		{5D5E19C7-3B5B-4966-A5FC-EB3F42F32131}.Release|Any CPU.Build.0 = Release|Any CPU
		{5D5E19C7-3B5B-4966-A5FC-EB3F42F32131}.Release|ARM.ActiveCfg = Release|Any CPU
		{5D5E19C7-3B5B-4966-A5FC-EB3F42F32131}.Release|ARM.Build.0 = Release|Any CPU
		{5D5E19C7-3B5B-4966-A5FC-EB3F42F32131}.Release|x64.ActiveCfg = Release|Any CPU
		{5D5E19C7-3B5B-4966-A5FC-EB3F42F32131}.Release|x64.Build.0 = Release|Any CPU
		{5D5E19C7-3B5B-4966-A5FC-EB3F42F32131}.Release|x86.ActiveCfg = Release|Any CPU
		{5D5E19C7-3B5B-4966-A5FC-EB3F42F32131}.Release|x86.Build.0 = Release|Any CPU
		{7DFAD8B2-3168-4118-BF51-7AFF4CC4656C}.Debug|Any CPU.ActiveCfg = Debug|Any CPU
		{7DFAD8B2-3168-4118-BF51-7AFF4CC4656C}.Debug|Any CPU.Build.0 = Debug|Any CPU
		{7DFAD8B2-3168-4118-BF51-7AFF4CC4656C}.Debug|ARM.ActiveCfg = Debug|Any CPU
		{7DFAD8B2-3168-4118-BF51-7AFF4CC4656C}.Debug|ARM.Build.0 = Debug|Any CPU
		{7DFAD8B2-3168-4118-BF51-7AFF4CC4656C}.Debug|x64.ActiveCfg = Debug|Any CPU
		{7DFAD8B2-3168-4118-BF51-7AFF4CC4656C}.Debug|x64.Build.0 = Debug|Any CPU
		{7DFAD8B2-3168-4118-BF51-7AFF4CC4656C}.Debug|x86.ActiveCfg = Debug|Any CPU
		{7DFAD8B2-3168-4118-BF51-7AFF4CC4656C}.Debug|x86.Build.0 = Debug|Any CPU
		{7DFAD8B2-3168-4118-BF51-7AFF4CC4656C}.Release|Any CPU.ActiveCfg = Release|Any CPU
		{7DFAD8B2-3168-4118-BF51-7AFF4CC4656C}.Release|Any CPU.Build.0 = Release|Any CPU
		{7DFAD8B2-3168-4118-BF51-7AFF4CC4656C}.Release|ARM.ActiveCfg = Release|Any CPU
		{7DFAD8B2-3168-4118-BF51-7AFF4CC4656C}.Release|ARM.Build.0 = Release|Any CPU
		{7DFAD8B2-3168-4118-BF51-7AFF4CC4656C}.Release|x64.ActiveCfg = Release|Any CPU
		{7DFAD8B2-3168-4118-BF51-7AFF4CC4656C}.Release|x64.Build.0 = Release|Any CPU
		{7DFAD8B2-3168-4118-BF51-7AFF4CC4656C}.Release|x86.ActiveCfg = Release|Any CPU
		{7DFAD8B2-3168-4118-BF51-7AFF4CC4656C}.Release|x86.Build.0 = Release|Any CPU
		{63239C04-BA8E-4A10-84C9-A77B4F58E541}.Debug|Any CPU.ActiveCfg = Debug|Any CPU
		{63239C04-BA8E-4A10-84C9-A77B4F58E541}.Debug|Any CPU.Build.0 = Debug|Any CPU
		{63239C04-BA8E-4A10-84C9-A77B4F58E541}.Debug|ARM.ActiveCfg = Debug|Any CPU
		{63239C04-BA8E-4A10-84C9-A77B4F58E541}.Debug|ARM.Build.0 = Debug|Any CPU
		{63239C04-BA8E-4A10-84C9-A77B4F58E541}.Debug|x64.ActiveCfg = Debug|Any CPU
		{63239C04-BA8E-4A10-84C9-A77B4F58E541}.Debug|x64.Build.0 = Debug|Any CPU
		{63239C04-BA8E-4A10-84C9-A77B4F58E541}.Debug|x86.ActiveCfg = Debug|Any CPU
		{63239C04-BA8E-4A10-84C9-A77B4F58E541}.Debug|x86.Build.0 = Debug|Any CPU
		{63239C04-BA8E-4A10-84C9-A77B4F58E541}.Release|Any CPU.ActiveCfg = Release|Any CPU
		{63239C04-BA8E-4A10-84C9-A77B4F58E541}.Release|Any CPU.Build.0 = Release|Any CPU
		{63239C04-BA8E-4A10-84C9-A77B4F58E541}.Release|ARM.ActiveCfg = Release|Any CPU
		{63239C04-BA8E-4A10-84C9-A77B4F58E541}.Release|ARM.Build.0 = Release|Any CPU
		{63239C04-BA8E-4A10-84C9-A77B4F58E541}.Release|x64.ActiveCfg = Release|Any CPU
		{63239C04-BA8E-4A10-84C9-A77B4F58E541}.Release|x64.Build.0 = Release|Any CPU
		{63239C04-BA8E-4A10-84C9-A77B4F58E541}.Release|x86.ActiveCfg = Release|Any CPU
		{63239C04-BA8E-4A10-84C9-A77B4F58E541}.Release|x86.Build.0 = Release|Any CPU
		{BE4AA77C-F770-4617-B1DC-999B656D0007}.Debug|Any CPU.ActiveCfg = Debug|Any CPU
		{BE4AA77C-F770-4617-B1DC-999B656D0007}.Debug|Any CPU.Build.0 = Debug|Any CPU
		{BE4AA77C-F770-4617-B1DC-999B656D0007}.Debug|ARM.ActiveCfg = Debug|Any CPU
		{BE4AA77C-F770-4617-B1DC-999B656D0007}.Debug|ARM.Build.0 = Debug|Any CPU
		{BE4AA77C-F770-4617-B1DC-999B656D0007}.Debug|x64.ActiveCfg = Debug|Any CPU
		{BE4AA77C-F770-4617-B1DC-999B656D0007}.Debug|x64.Build.0 = Debug|Any CPU
		{BE4AA77C-F770-4617-B1DC-999B656D0007}.Debug|x86.ActiveCfg = Debug|Any CPU
		{BE4AA77C-F770-4617-B1DC-999B656D0007}.Debug|x86.Build.0 = Debug|Any CPU
		{BE4AA77C-F770-4617-B1DC-999B656D0007}.Release|Any CPU.ActiveCfg = Release|Any CPU
		{BE4AA77C-F770-4617-B1DC-999B656D0007}.Release|Any CPU.Build.0 = Release|Any CPU
		{BE4AA77C-F770-4617-B1DC-999B656D0007}.Release|ARM.ActiveCfg = Release|Any CPU
		{BE4AA77C-F770-4617-B1DC-999B656D0007}.Release|ARM.Build.0 = Release|Any CPU
		{BE4AA77C-F770-4617-B1DC-999B656D0007}.Release|x64.ActiveCfg = Release|Any CPU
		{BE4AA77C-F770-4617-B1DC-999B656D0007}.Release|x64.Build.0 = Release|Any CPU
		{BE4AA77C-F770-4617-B1DC-999B656D0007}.Release|x86.ActiveCfg = Release|Any CPU
		{BE4AA77C-F770-4617-B1DC-999B656D0007}.Release|x86.Build.0 = Release|Any CPU
		{0219ED71-D85D-439F-BF14-35432FA37614}.Debug|Any CPU.ActiveCfg = Debug|Any CPU
		{0219ED71-D85D-439F-BF14-35432FA37614}.Debug|Any CPU.Build.0 = Debug|Any CPU
		{0219ED71-D85D-439F-BF14-35432FA37614}.Debug|ARM.ActiveCfg = Debug|Any CPU
		{0219ED71-D85D-439F-BF14-35432FA37614}.Debug|ARM.Build.0 = Debug|Any CPU
		{0219ED71-D85D-439F-BF14-35432FA37614}.Debug|x64.ActiveCfg = Debug|Any CPU
		{0219ED71-D85D-439F-BF14-35432FA37614}.Debug|x64.Build.0 = Debug|Any CPU
		{0219ED71-D85D-439F-BF14-35432FA37614}.Debug|x86.ActiveCfg = Debug|Any CPU
		{0219ED71-D85D-439F-BF14-35432FA37614}.Debug|x86.Build.0 = Debug|Any CPU
		{0219ED71-D85D-439F-BF14-35432FA37614}.Release|Any CPU.ActiveCfg = Release|Any CPU
		{0219ED71-D85D-439F-BF14-35432FA37614}.Release|Any CPU.Build.0 = Release|Any CPU
		{0219ED71-D85D-439F-BF14-35432FA37614}.Release|ARM.ActiveCfg = Release|Any CPU
		{0219ED71-D85D-439F-BF14-35432FA37614}.Release|ARM.Build.0 = Release|Any CPU
		{0219ED71-D85D-439F-BF14-35432FA37614}.Release|x64.ActiveCfg = Release|Any CPU
		{0219ED71-D85D-439F-BF14-35432FA37614}.Release|x64.Build.0 = Release|Any CPU
		{0219ED71-D85D-439F-BF14-35432FA37614}.Release|x86.ActiveCfg = Release|Any CPU
		{0219ED71-D85D-439F-BF14-35432FA37614}.Release|x86.Build.0 = Release|Any CPU
		{D4D15915-9A97-4012-AB9A-3A130CAA7CC8}.Debug|Any CPU.ActiveCfg = Debug|Any CPU
		{D4D15915-9A97-4012-AB9A-3A130CAA7CC8}.Debug|Any CPU.Build.0 = Debug|Any CPU
		{D4D15915-9A97-4012-AB9A-3A130CAA7CC8}.Debug|ARM.ActiveCfg = Debug|Any CPU
		{D4D15915-9A97-4012-AB9A-3A130CAA7CC8}.Debug|ARM.Build.0 = Debug|Any CPU
		{D4D15915-9A97-4012-AB9A-3A130CAA7CC8}.Debug|x64.ActiveCfg = Debug|Any CPU
		{D4D15915-9A97-4012-AB9A-3A130CAA7CC8}.Debug|x64.Build.0 = Debug|Any CPU
		{D4D15915-9A97-4012-AB9A-3A130CAA7CC8}.Debug|x86.ActiveCfg = Debug|Any CPU
		{D4D15915-9A97-4012-AB9A-3A130CAA7CC8}.Debug|x86.Build.0 = Debug|Any CPU
		{D4D15915-9A97-4012-AB9A-3A130CAA7CC8}.Release|Any CPU.ActiveCfg = Release|Any CPU
		{D4D15915-9A97-4012-AB9A-3A130CAA7CC8}.Release|Any CPU.Build.0 = Release|Any CPU
		{D4D15915-9A97-4012-AB9A-3A130CAA7CC8}.Release|ARM.ActiveCfg = Release|Any CPU
		{D4D15915-9A97-4012-AB9A-3A130CAA7CC8}.Release|ARM.Build.0 = Release|Any CPU
		{D4D15915-9A97-4012-AB9A-3A130CAA7CC8}.Release|x64.ActiveCfg = Release|Any CPU
		{D4D15915-9A97-4012-AB9A-3A130CAA7CC8}.Release|x64.Build.0 = Release|Any CPU
		{D4D15915-9A97-4012-AB9A-3A130CAA7CC8}.Release|x86.ActiveCfg = Release|Any CPU
		{D4D15915-9A97-4012-AB9A-3A130CAA7CC8}.Release|x86.Build.0 = Release|Any CPU
		{53954B92-45E2-4C1B-A125-055428673F37}.Debug|Any CPU.ActiveCfg = Debug|Any CPU
		{53954B92-45E2-4C1B-A125-055428673F37}.Debug|Any CPU.Build.0 = Debug|Any CPU
		{53954B92-45E2-4C1B-A125-055428673F37}.Debug|ARM.ActiveCfg = Debug|Any CPU
		{53954B92-45E2-4C1B-A125-055428673F37}.Debug|ARM.Build.0 = Debug|Any CPU
		{53954B92-45E2-4C1B-A125-055428673F37}.Debug|x64.ActiveCfg = Debug|Any CPU
		{53954B92-45E2-4C1B-A125-055428673F37}.Debug|x64.Build.0 = Debug|Any CPU
		{53954B92-45E2-4C1B-A125-055428673F37}.Debug|x86.ActiveCfg = Debug|Any CPU
		{53954B92-45E2-4C1B-A125-055428673F37}.Debug|x86.Build.0 = Debug|Any CPU
		{53954B92-45E2-4C1B-A125-055428673F37}.Release|Any CPU.ActiveCfg = Release|Any CPU
		{53954B92-45E2-4C1B-A125-055428673F37}.Release|Any CPU.Build.0 = Release|Any CPU
		{53954B92-45E2-4C1B-A125-055428673F37}.Release|ARM.ActiveCfg = Release|Any CPU
		{53954B92-45E2-4C1B-A125-055428673F37}.Release|ARM.Build.0 = Release|Any CPU
		{53954B92-45E2-4C1B-A125-055428673F37}.Release|x64.ActiveCfg = Release|Any CPU
		{53954B92-45E2-4C1B-A125-055428673F37}.Release|x64.Build.0 = Release|Any CPU
		{53954B92-45E2-4C1B-A125-055428673F37}.Release|x86.ActiveCfg = Release|Any CPU
		{53954B92-45E2-4C1B-A125-055428673F37}.Release|x86.Build.0 = Release|Any CPU
	EndGlobalSection
	GlobalSection(SolutionProperties) = preSolution
		HideSolutionNode = FALSE
	EndGlobalSection
EndGlobal
